{
  "name": "Kairoz",
  "lockfileVersion": 3,
  "requires": true,
  "packages": {
    "": {
      "dependencies": {
        "@fastify/cors": "^9.0.1",
        "fastify-formbody": "^5.3.0"
      }
    },
    "node_modules/@fastify/cors": {
      "version": "9.0.1",
      "resolved": "https://registry.npmjs.org/@fastify/cors/-/cors-9.0.1.tgz",
      "integrity": "sha512-YY9Ho3ovI+QHIL2hW+9X4XqQjXLjJqsU+sMV/xFsxZkE8p3GNnYVFpoOxF7SsP5ZL76gwvbo3V9L+FIekBGU4Q==",
      "dependencies": {
        "fastify-plugin": "^4.0.0",
        "mnemonist": "0.39.6"
      }
    },
    "node_modules/@fastify/cors/node_modules/fastify-plugin": {
      "version": "4.5.1",
      "resolved": "https://registry.npmjs.org/fastify-plugin/-/fastify-plugin-4.5.1.tgz",
      "integrity": "sha512-stRHYGeuqpEZTL1Ef0Ovr2ltazUT9g844X5z/zEBFLG8RYlpDiOCIG+ATvYEp+/zmc7sN29mcIMp8gvYplYPIQ=="
    },
    "node_modules/fastify-formbody": {
      "version": "5.3.0",
      "resolved": "https://registry.npmjs.org/fastify-formbody/-/fastify-formbody-5.3.0.tgz",
      "integrity": "sha512-7cjFV2HE/doojyfTwCLToIFD6Hmbw2jVTbfqZ2lbUZznQWlSXu+MBQgqBU8T2nHcMfqSi9vx6PyX0LwTehuKkg==",
      "deprecated": "Please use @fastify/formbody@6.0.0 instead",
      "dependencies": {
        "fastify-formbody-deprecated": "npm:fastify-formbody@5.2.0",
        "process-warning": "^1.0.0"
      }
    },
    "node_modules/fastify-formbody-deprecated": {
      "name": "fastify-formbody",
      "version": "5.2.0",
      "resolved": "https://registry.npmjs.org/fastify-formbody/-/fastify-formbody-5.2.0.tgz",
      "integrity": "sha512-d8Y5hCL82akPyoFiXh2wYOm3es0pV9jqoPo3pO9OV2cNF0cQx39J5WAVXzCh4MSt9Z2qF4Fy5gHlvlyESwjtvg==",
      "dependencies": {
        "fastify-plugin": "^3.0.0"
      }
    },
    "node_modules/fastify-formbody/node_modules/process-warning": {
      "version": "1.0.0",
      "resolved": "https://registry.npmjs.org/process-warning/-/process-warning-1.0.0.tgz",
      "integrity": "sha512-du4wfLyj4yCZq1VupnVSZmRsPJsNuxoDQFdCFHLaYiEbFBD7QE0a+I4D7hOxrVnh78QE/YipFAj9lXHiXocV+Q=="
    },
    "node_modules/fastify-plugin": {
      "version": "3.0.1",
      "resolved": "https://registry.npmjs.org/fastify-plugin/-/fastify-plugin-3.0.1.tgz",
      "integrity": "sha512-qKcDXmuZadJqdTm6vlCqioEbyewF60b/0LOFCcYN1B6BIZGlYJumWWOYs70SFYLDAH4YqdE1cxH/RKMG7rFxgA=="
    },
    "node_modules/mnemonist": {
      "version": "0.39.6",
      "resolved": "https://registry.npmjs.org/mnemonist/-/mnemonist-0.39.6.tgz",
      "integrity": "sha512-A/0v5Z59y63US00cRSLiloEIw3t5G+MiKz4BhX21FI+YBJXBOGW0ohFxTxO08dsOYlzxo87T7vGfZKYp2bcAWA==",
      "dependencies": {
        "obliterator": "^2.0.1"
      }
    },
    "node_modules/obliterator": {
      "version": "2.0.4",
      "resolved": "https://registry.npmjs.org/obliterator/-/obliterator-2.0.4.tgz",
      "integrity": "sha512-lgHwxlxV1qIg1Eap7LgIeoBWIMFibOjbrYPIPJZcI1mmGAI2m3lNYpK12Y+GBdPQ0U1hRwSord7GIaawz962qQ=="
    }
  }
}
